// !$*UTF8*$!
{
	archiveVersion = 1;
	classes = {
	};
	objectVersion = 50;
	objects = {

/* Begin PBXBuildFile section */
		00AE6602258BF6E000AB421D /* AppDelegate.swift in Sources */ = {isa = PBXBuildFile; fileRef = 00AE6601258BF6E000AB421D /* AppDelegate.swift */; };
		00AE6604258BF6E000AB421D /* SceneDelegate.swift in Sources */ = {isa = PBXBuildFile; fileRef = 00AE6603258BF6E000AB421D /* SceneDelegate.swift */; };
		00AE6606258BF6E000AB421D /* ViewController.swift in Sources */ = {isa = PBXBuildFile; fileRef = 00AE6605258BF6E000AB421D /* ViewController.swift */; };
		00AE6609258BF6E000AB421D /* Main.storyboard in Resources */ = {isa = PBXBuildFile; fileRef = 00AE6607258BF6E000AB421D /* Main.storyboard */; };
		00AE660B258BF6E100AB421D /* Assets.xcassets in Resources */ = {isa = PBXBuildFile; fileRef = 00AE660A258BF6E100AB421D /* Assets.xcassets */; };
		00AE660E258BF6E100AB421D /* LaunchScreen.storyboard in Resources */ = {isa = PBXBuildFile; fileRef = 00AE660C258BF6E100AB421D /* LaunchScreen.storyboard */; };
		00AE6619258BF6E100AB421D /* PreworkTests.swift in Sources */ = {isa = PBXBuildFile; fileRef = 00AE6618258BF6E100AB421D /* PreworkTests.swift */; };
		00AE6624258BF6E100AB421D /* PreworkUITests.swift in Sources */ = {isa = PBXBuildFile; fileRef = 00AE6623258BF6E100AB421D /* PreworkUITests.swift */; };
/* End PBXBuildFile section */

/* Begin PBXContainerItemProxy section */
		00AE6615258BF6E100AB421D /* PBXContainerItemProxy */ = {
			isa = PBXContainerItemProxy;
			containerPortal = 00AE65F6258BF6E000AB421D /* Project object */;
			proxyType = 1;
			remoteGlobalIDString = 00AE65FD258BF6E000AB421D;
			remoteInfo = Prework;
		};
		00AE6620258BF6E100AB421D /* PBXContainerItemProxy */ = {
			isa = PBXContainerItemProxy;
			containerPortal = 00AE65F6258BF6E000AB421D /* Project object */;
			proxyType = 1;
			remoteGlobalIDString = 00AE65FD258BF6E000AB421D;
			remoteInfo = Prework;
		};
/* End PBXContainerItemProxy section */

/* Begin PBXFileReference section */
		00AE65FE258BF6E000AB421D /* Prework.app */ = {isa = PBXFileReference; explicitFileType = wrapper.application; includeInIndex = 0; path = Prework.app; sourceTree = BUILT_PRODUCTS_DIR; };
		00AE6601258BF6E000AB421D /* AppDelegate.swift */ = {isa = PBXFileReference; lastKnownFileType = sourcecode.swift; path = AppDelegate.swift; sourceTree = "<group>"; };
		00AE6603258BF6E000AB421D /* SceneDelegate.swift */ = {isa = PBXFileReference; lastKnownFileType = sourcecode.swift; path = SceneDelegate.swift; sourceTree = "<group>"; };
		00AE6605258BF6E000AB421D /* ViewController.swift */ = {isa = PBXFileReference; lastKnownFileType = sourcecode.swift; path = ViewController.swift; sourceTree = "<group>"; };
		00AE6608258BF6E000AB421D /* Base */ = {isa = PBXFileReference; lastKnownFileType = file.storyboard; name = Base; path = Base.lproj/Main.storyboard; sourceTree = "<group>"; };
		00AE660A258BF6E100AB421D /* Assets.xcassets */ = {isa = PBXFileReference; lastKnownFileType = folder.assetcatalog; path = Assets.xcassets; sourceTree = "<group>"; };
		00AE660D258BF6E100AB421D /* Base */ = {isa = PBXFileReference; lastKnownFileType = file.storyboard; name = Base; path = Base.lproj/LaunchScreen.storyboard; sourceTree = "<group>"; };
		00AE660F258BF6E100AB421D /* Info.plist */ = {isa = PBXFileReference; lastKnownFileType = text.plist.xml; path = Info.plist; sourceTree = "<group>"; };
		00AE6614258BF6E100AB421D /* PreworkTests.xctest */ = {isa = PBXFileReference; explicitFileType = wrapper.cfbundle; includeInIndex = 0; path = PreworkTests.xctest; sourceTree = BUILT_PRODUCTS_DIR; };
		00AE6618258BF6E100AB421D /* PreworkTests.swift */ = {isa = PBXFileReference; lastKnownFileType = sourcecode.swift; path = PreworkTests.swift; sourceTree = "<group>"; };
		00AE661A258BF6E100AB421D /* Info.plist */ = {isa = PBXFileReference; lastKnownFileType = text.plist.xml; path = Info.plist; sourceTree = "<group>"; };
		00AE661F258BF6E100AB421D /* PreworkUITests.xctest */ = {isa = PBXFileReference; explicitFileType = wrapper.cfbundle; includeInIndex = 0; path = PreworkUITests.xctest; sourceTree = BUILT_PRODUCTS_DIR; };
		00AE6623258BF6E100AB421D /* PreworkUITests.swift */ = {isa = PBXFileReference; lastKnownFileType = sourcecode.swift; path = PreworkUITests.swift; sourceTree = "<group>"; };
		00AE6625258BF6E100AB421D /* Info.plist */ = {isa = PBXFileReference; lastKnownFileType = text.plist.xml; path = Info.plist; sourceTree = "<group>"; };
/* End PBXFileReference section */

/* Begin PBXFrameworksBuildPhase section */
		00AE65FB258BF6E000AB421D /* Frameworks */ = {
			isa = PBXFrameworksBuildPhase;
			buildActionMask = 2147483647;
			files = (
			);
			runOnlyForDeploymentPostprocessing = 0;
		};
		00AE6611258BF6E100AB421D /* Frameworks */ = {
			isa = PBXFrameworksBuildPhase;
			buildActionMask = 2147483647;
			files = (
			);
			runOnlyForDeploymentPostprocessing = 0;
		};
		00AE661C258BF6E100AB421D /* Frameworks */ = {
			isa = PBXFrameworksBuildPhase;
			buildActionMask = 2147483647;
			files = (
			);
			runOnlyForDeploymentPostprocessing = 0;
		};
/* End PBXFrameworksBuildPhase section */

/* Begin PBXGroup section */
		00AE65F5258BF6E000AB421D = {
			isa = PBXGroup;
			children = (
				00AE6600258BF6E000AB421D /* Prework */,
				00AE6617258BF6E100AB421D /* PreworkTests */,
				00AE6622258BF6E100AB421D /* PreworkUITests */,
				00AE65FF258BF6E000AB421D /* Products */,
			);
			sourceTree = "<group>";
		};
		00AE65FF258BF6E000AB421D /* Products */ = {
			isa = PBXGroup;
			children = (
				00AE65FE258BF6E000AB421D /* Prework.app */,
				00AE6614258BF6E100AB421D /* PreworkTests.xctest */,
				00AE661F258BF6E100AB421D /* PreworkUITests.xctest */,
			);
			name = Products;
			sourceTree = "<group>";
		};
		00AE6600258BF6E000AB421D /* Prework */ = {
			isa = PBXGroup;
			children = (
				00AE6601258BF6E000AB421D /* AppDelegate.swift */,
				00AE6603258BF6E000AB421D /* SceneDelegate.swift */,
				00AE6605258BF6E000AB421D /* ViewController.swift */,
				00AE6607258BF6E000AB421D /* Main.storyboard */,
				00AE660A258BF6E100AB421D /* Assets.xcassets */,
				00AE660C258BF6E100AB421D /* LaunchScreen.storyboard */,
				00AE660F258BF6E100AB421D /* Info.plist */,
			);
			path = Prework;
			sourceTree = "<group>";
		};
		00AE6617258BF6E100AB421D /* PreworkTests */ = {
			isa = PBXGroup;
			children = (
				00AE6618258BF6E100AB421D /* PreworkTests.swift */,
				00AE661A258BF6E100AB421D /* Info.plist */,
			);
			path = PreworkTests;
			sourceTree = "<group>";
		};
		00AE6622258BF6E100AB421D /* PreworkUITests */ = {
			isa = PBXGroup;
			children = (
				00AE6623258BF6E100AB421D /* PreworkUITests.swift */,
				00AE6625258BF6E100AB421D /* Info.plist */,
			);
			path = PreworkUITests;
			sourceTree = "<group>";
		};
/* End PBXGroup section */

/* Begin PBXNativeTarget section */
		00AE65FD258BF6E000AB421D /* Prework */ = {
			isa = PBXNativeTarget;
			buildConfigurationList = 00AE6628258BF6E100AB421D /* Build configuration list for PBXNativeTarget "Prework" */;
			buildPhases = (
				00AE65FA258BF6E000AB421D /* Sources */,
				00AE65FB258BF6E000AB421D /* Frameworks */,
				00AE65FC258BF6E000AB421D /* Resources */,
			);
			buildRules = (
			);
			dependencies = (
			);
			name = Prework;
			productName = Prework;
			productReference = 00AE65FE258BF6E000AB421D /* Prework.app */;
			productType = "com.apple.product-type.application";
		};
		00AE6613258BF6E100AB421D /* PreworkTests */ = {
			isa = PBXNativeTarget;
			buildConfigurationList = 00AE662B258BF6E100AB421D /* Build configuration list for PBXNativeTarget "PreworkTests" */;
			buildPhases = (
				00AE6610258BF6E100AB421D /* Sources */,
				00AE6611258BF6E100AB421D /* Frameworks */,
				00AE6612258BF6E100AB421D /* Resources */,
			);
			buildRules = (
			);
			dependencies = (
				00AE6616258BF6E100AB421D /* PBXTargetDependency */,
			);
			name = PreworkTests;
			productName = PreworkTests;
			productReference = 00AE6614258BF6E100AB421D /* PreworkTests.xctest */;
			productType = "com.apple.product-type.bundle.unit-test";
		};
		00AE661E258BF6E100AB421D /* PreworkUITests */ = {
			isa = PBXNativeTarget;
			buildConfigurationList = 00AE662E258BF6E100AB421D /* Build configuration list for PBXNativeTarget "PreworkUITests" */;
			buildPhases = (
				00AE661B258BF6E100AB421D /* Sources */,
				00AE661C258BF6E100AB421D /* Frameworks */,
				00AE661D258BF6E100AB421D /* Resources */,
			);
			buildRules = (
			);
			dependencies = (
				00AE6621258BF6E100AB421D /* PBXTargetDependency */,
			);
			name = PreworkUITests;
			productName = PreworkUITests;
			productReference = 00AE661F258BF6E100AB421D /* PreworkUITests.xctest */;
			productType = "com.apple.product-type.bundle.ui-testing";
		};
/* End PBXNativeTarget section */

/* Begin PBXProject section */
		00AE65F6258BF6E000AB421D /* Project object */ = {
			isa = PBXProject;
			attributes = {
				LastSwiftUpdateCheck = 1230;
				LastUpgradeCheck = 1230;
				TargetAttributes = {
					00AE65FD258BF6E000AB421D = {
						CreatedOnToolsVersion = 12.3;
					};
					00AE6613258BF6E100AB421D = {
						CreatedOnToolsVersion = 12.3;
						TestTargetID = 00AE65FD258BF6E000AB421D;
					};
					00AE661E258BF6E100AB421D = {
						CreatedOnToolsVersion = 12.3;
						TestTargetID = 00AE65FD258BF6E000AB421D;
					};
				};
			};
			buildConfigurationList = 00AE65F9258BF6E000AB421D /* Build configuration list for PBXProject "Prework" */;
			compatibilityVersion = "Xcode 9.3";
			developmentRegion = en;
			hasScannedForEncodings = 0;
			knownRegions = (
				en,
				Base,
			);
			mainGroup = 00AE65F5258BF6E000AB421D;
			productRefGroup = 00AE65FF258BF6E000AB421D /* Products */;
			projectDirPath = "";
			projectRoot = "";
			targets = (
				00AE65FD258BF6E000AB421D /* Prework */,
				00AE6613258BF6E100AB421D /* PreworkTests */,
				00AE661E258BF6E100AB421D /* PreworkUITests */,
			);
		};
/* End PBXProject section */

/* Begin PBXResourcesBuildPhase section */
		00AE65FC258BF6E000AB421D /* Resources */ = {
			isa = PBXResourcesBuildPhase;
			buildActionMask = 2147483647;
			files = (
				00AE660E258BF6E100AB421D /* LaunchScreen.storyboard in Resources */,
				00AE660B258BF6E100AB421D /* Assets.xcassets in Resources */,
				00AE6609258BF6E000AB421D /* Main.storyboard in Resources */,
			);
			runOnlyForDeploymentPostprocessing = 0;
		};
		00AE6612258BF6E100AB421D /* Resources */ = {
			isa = PBXResourcesBuildPhase;
			buildActionMask = 2147483647;
			files = (
			);
			runOnlyForDeploymentPostprocessing = 0;
		};
		00AE661D258BF6E100AB421D /* Resources */ = {
			isa = PBXResourcesBuildPhase;
			buildActionMask = 2147483647;
			files = (
			);
			runOnlyForDeploymentPostprocessing = 0;
		};
/* End PBXResourcesBuildPhase section */

/* Begin PBXSourcesBuildPhase section */
		00AE65FA258BF6E000AB421D /* Sources */ = {
			isa = PBXSourcesBuildPhase;
			buildActionMask = 2147483647;
			files = (
				00AE6606258BF6E000AB421D /* ViewController.swift in Sources */,
				00AE6602258BF6E000AB421D /* AppDelegate.swift in Sources */,
				00AE6604258BF6E000AB421D /* SceneDelegate.swift in Sources */,
			);
			runOnlyForDeploymentPostprocessing = 0;
		};
		00AE6610258BF6E100AB421D /* Sources */ = {
			isa = PBXSourcesBuildPhase;
			buildActionMask = 2147483647;
			files = (
				00AE6619258BF6E100AB421D /* PreworkTests.swift in Sources */,
			);
			runOnlyForDeploymentPostprocessing = 0;
		};
		00AE661B258BF6E100AB421D /* Sources */ = {
			isa = PBXSourcesBuildPhase;
			buildActionMask = 2147483647;
			files = (
				00AE6624258BF6E100AB421D /* PreworkUITests.swift in Sources */,
			);
			runOnlyForDeploymentPostprocessing = 0;
		};
/* End PBXSourcesBuildPhase section */

/* Begin PBXTargetDependency section */
		00AE6616258BF6E100AB421D /* PBXTargetDependency */ = {
			isa = PBXTargetDependency;
			target = 00AE65FD258BF6E000AB421D /* Prework */;
			targetProxy = 00AE6615258BF6E100AB421D /* PBXContainerItemProxy */;
		};
		00AE6621258BF6E100AB421D /* PBXTargetDependency */ = {
			isa = PBXTargetDependency;
			target = 00AE65FD258BF6E000AB421D /* Prework */;
			targetProxy = 00AE6620258BF6E100AB421D /* PBXContainerItemProxy */;
		};
/* End PBXTargetDependency section */

/* Begin PBXVariantGroup section */
		00AE6607258BF6E000AB421D /* Main.storyboard */ = {
			isa = PBXVariantGroup;
			children = (
				00AE6608258BF6E000AB421D /* Base */,
			);
			name = Main.storyboard;
			sourceTree = "<group>";
		};
		00AE660C258BF6E100AB421D /* LaunchScreen.storyboard */ = {
			isa = PBXVariantGroup;
			children = (
				00AE660D258BF6E100AB421D /* Base */,
			);
			name = LaunchScreen.storyboard;
			sourceTree = "<group>";
		};
/* End PBXVariantGroup section */

/* Begin XCBuildConfiguration section */
		00AE6626258BF6E100AB421D /* Debug */ = {
			isa = XCBuildConfiguration;
			buildSettings = {
				ALWAYS_SEARCH_USER_PATHS = NO;
				CLANG_ANALYZER_NONNULL = YES;
				CLANG_ANALYZER_NUMBER_OBJECT_CONVERSION = YES_AGGRESSIVE;
				CLANG_CXX_LANGUAGE_STANDARD = "gnu++14";
				CLANG_CXX_LIBRARY = "libc++";
				CLANG_ENABLE_MODULES = YES;
				CLANG_ENABLE_OBJC_ARC = YES;
				CLANG_ENABLE_OBJC_WEAK = YES;
				CLANG_WARN_BLOCK_CAPTURE_AUTORELEASING = YES;
				CLANG_WARN_BOOL_CONVERSION = YES;
				CLANG_WARN_COMMA = YES;
				CLANG_WARN_CONSTANT_CONVERSION = YES;
				CLANG_WARN_DEPRECATED_OBJC_IMPLEMENTATIONS = YES;
				CLANG_WARN_DIRECT_OBJC_ISA_USAGE = YES_ERROR;
				CLANG_WARN_DOCUMENTATION_COMMENTS = YES;
				CLANG_WARN_EMPTY_BODY = YES;
				CLANG_WARN_ENUM_CONVERSION = YES;
				CLANG_WARN_INFINITE_RECURSION = YES;
				CLANG_WARN_INT_CONVERSION = YES;
				CLANG_WARN_NON_LITERAL_NULL_CONVERSION = YES;
				CLANG_WARN_OBJC_IMPLICIT_RETAIN_SELF = YES;
				CLANG_WARN_OBJC_LITERAL_CONVERSION = YES;
				CLANG_WARN_OBJC_ROOT_CLASS = YES_ERROR;
				CLANG_WARN_QUOTED_INCLUDE_IN_FRAMEWORK_HEADER = YES;
				CLANG_WARN_RANGE_LOOP_ANALYSIS = YES;
				CLANG_WARN_STRICT_PROTOTYPES = YES;
				CLANG_WARN_SUSPICIOUS_MOVE = YES;
				CLANG_WARN_UNGUARDED_AVAILABILITY = YES_AGGRESSIVE;
				CLANG_WARN_UNREACHABLE_CODE = YES;
				CLANG_WARN__DUPLICATE_METHOD_MATCH = YES;
				COPY_PHASE_STRIP = NO;
				DEBUG_INFORMATION_FORMAT = dwarf;
				ENABLE_STRICT_OBJC_MSGSEND = YES;
				ENABLE_TESTABILITY = YES;
				GCC_C_LANGUAGE_STANDARD = gnu11;
				GCC_DYNAMIC_NO_PIC = NO;
				GCC_NO_COMMON_BLOCKS = YES;
				GCC_OPTIMIZATION_LEVEL = 0;
				GCC_PREPROCESSOR_DEFINITIONS = (
					"DEBUG=1",
					"$(inherited)",
				);
				GCC_WARN_64_TO_32_BIT_CONVERSION = YES;
				GCC_WARN_ABOUT_RETURN_TYPE = YES_ERROR;
				GCC_WARN_UNDECLARED_SELECTOR = YES;
				GCC_WARN_UNINITIALIZED_AUTOS = YES_AGGRESSIVE;
				GCC_WARN_UNUSED_FUNCTION = YES;
				GCC_WARN_UNUSED_VARIABLE = YES;
				IPHONEOS_DEPLOYMENT_TARGET = 14.3;
				MTL_ENABLE_DEBUG_INFO = INCLUDE_SOURCE;
				MTL_FAST_MATH = YES;
				ONLY_ACTIVE_ARCH = YES;
				SDKROOT = iphoneos;
				SWIFT_ACTIVE_COMPILATION_CONDITIONS = DEBUG;
				SWIFT_OPTIMIZATION_LEVEL = "-Onone";
			};
			name = Debug;
		};
		00AE6627258BF6E100AB421D /* Release */ = {
			isa = XCBuildConfiguration;
			buildSettings = {
				ALWAYS_SEARCH_USER_PATHS = NO;
				CLANG_ANALYZER_NONNULL = YES;
				CLANG_ANALYZER_NUMBER_OBJECT_CONVERSION = YES_AGGRESSIVE;
				CLANG_CXX_LANGUAGE_STANDARD = "gnu++14";
				CLANG_CXX_LIBRARY = "libc++";
				CLANG_ENABLE_MODULES = YES;
				CLANG_ENABLE_OBJC_ARC = YES;
				CLANG_ENABLE_OBJC_WEAK = YES;
				CLANG_WARN_BLOCK_CAPTURE_AUTORELEASING = YES;
				CLANG_WARN_BOOL_CONVERSION = YES;
				CLANG_WARN_COMMA = YES;
				CLANG_WARN_CONSTANT_CONVERSION = YES;
				CLANG_WARN_DEPRECATED_OBJC_IMPLEMENTATIONS = YES;
				CLANG_WARN_DIRECT_OBJC_ISA_USAGE = YES_ERROR;
				CLANG_WARN_DOCUMENTATION_COMMENTS = YES;
				CLANG_WARN_EMPTY_BODY = YES;
				CLANG_WARN_ENUM_CONVERSION = YES;
				CLANG_WARN_INFINITE_RECURSION = YES;
				CLANG_WARN_INT_CONVERSION = YES;
				CLANG_WARN_NON_LITERAL_NULL_CONVERSION = YES;
				CLANG_WARN_OBJC_IMPLICIT_RETAIN_SELF = YES;
				CLANG_WARN_OBJC_LITERAL_CONVERSION = YES;
				CLANG_WARN_OBJC_ROOT_CLASS = YES_ERROR;
				CLANG_WARN_QUOTED_INCLUDE_IN_FRAMEWORK_HEADER = YES;
				CLANG_WARN_RANGE_LOOP_ANALYSIS = YES;
				CLANG_WARN_STRICT_PROTOTYPES = YES;
				CLANG_WARN_SUSPICIOUS_MOVE = YES;
				CLANG_WARN_UNGUARDED_AVAILABILITY = YES_AGGRESSIVE;
				CLANG_WARN_UNREACHABLE_CODE = YES;
				CLANG_WARN__DUPLICATE_METHOD_MATCH = YES;
				COPY_PHASE_STRIP = NO;
				DEBUG_INFORMATION_FORMAT = "dwarf-with-dsym";
				ENABLE_NS_ASSERTIONS = NO;
				ENABLE_STRICT_OBJC_MSGSEND = YES;
				GCC_C_LANGUAGE_STANDARD = gnu11;
				GCC_NO_COMMON_BLOCKS = YES;
				GCC_WARN_64_TO_32_BIT_CONVERSION = YES;
				GCC_WARN_ABOUT_RETURN_TYPE = YES_ERROR;
				GCC_WARN_UNDECLARED_SELECTOR = YES;
				GCC_WARN_UNINITIALIZED_AUTOS = YES_AGGRESSIVE;
				GCC_WARN_UNUSED_FUNCTION = YES;
				GCC_WARN_UNUSED_VARIABLE = YES;
				IPHONEOS_DEPLOYMENT_TARGET = 14.3;
				MTL_ENABLE_DEBUG_INFO = NO;
				MTL_FAST_MATH = YES;
				SDKROOT = iphoneos;
				SWIFT_COMPILATION_MODE = wholemodule;
				SWIFT_OPTIMIZATION_LEVEL = "-O";
				VALIDATE_PRODUCT = YES;
			};
			name = Release;
		};
		00AE6629258BF6E100AB421D /* Debug */ = {
			isa = XCBuildConfiguration;
			buildSettings = {
				ASSETCATALOG_COMPILER_APPICON_NAME = AppIcon;
				ASSETCATALOG_COMPILER_GLOBAL_ACCENT_COLOR_NAME = AccentColor;
				CODE_SIGN_STYLE = Automatic;
				INFOPLIST_FILE = Prework/Info.plist;
				LD_RUNPATH_SEARCH_PATHS = (
					"$(inherited)",
					"@executable_path/Frameworks",
				);
				PRODUCT_BUNDLE_IDENTIFIER = memo.com.Prework;
				PRODUCT_NAME = "$(TARGET_NAME)";
				SWIFT_VERSION = 5.0;
				TARGETED_DEVICE_FAMILY = "1,2";
			};
			name = Debug;
		};
		00AE662A258BF6E100AB421D /* Release */ = {
			isa = XCBuildConfiguration;
			buildSettings = {
				ASSETCATALOG_COMPILER_APPICON_NAME = AppIcon;
				ASSETCATALOG_COMPILER_GLOBAL_ACCENT_COLOR_NAME = AccentColor;
				CODE_SIGN_STYLE = Automatic;
				INFOPLIST_FILE = Prework/Info.plist;
				LD_RUNPATH_SEARCH_PATHS = (
					"$(inherited)",
					"@executable_path/Frameworks",
				);
				PRODUCT_BUNDLE_IDENTIFIER = memo.com.Prework;
				PRODUCT_NAME = "$(TARGET_NAME)";
				SWIFT_VERSION = 5.0;
				TARGETED_DEVICE_FAMILY = "1,2";
			};
			name = Release;
		};
		00AE662C258BF6E100AB421D /* Debug */ = {
			isa = XCBuildConfiguration;
			buildSettings = {
				ALWAYS_EMBED_SWIFT_STANDARD_LIBRARIES = YES;
				BUNDLE_LOADER = "$(TEST_HOST)";
				CODE_SIGN_STYLE = Automatic;
				INFOPLIST_FILE = PreworkTests/Info.plist;
				IPHONEOS_DEPLOYMENT_TARGET = 14.3;
				LD_RUNPATH_SEARCH_PATHS = (
					"$(inherited)",
					"@executable_path/Frameworks",
					"@loader_path/Frameworks",
				);
				PRODUCT_BUNDLE_IDENTIFIER = memo.com.PreworkTests;
				PRODUCT_NAME = "$(TARGET_NAME)";
				SWIFT_VERSION = 5.0;
				TARGETED_DEVICE_FAMILY = "1,2";
				TEST_HOST = "$(BUILT_PRODUCTS_DIR)/Prework.app/Prework";
			};
			name = Debug;
		};
		00AE662D258BF6E100AB421D /* Release */ = {
			isa = XCBuildConfiguration;
			buildSettings = {
				ALWAYS_EMBED_SWIFT_STANDARD_LIBRARIES = YES;
				BUNDLE_LOADER = "$(TEST_HOST)";
				CODE_SIGN_STYLE = Automatic;
				INFOPLIST_FILE = PreworkTests/Info.plist;
				IPHONEOS_DEPLOYMENT_TARGET = 14.3;
				LD_RUNPATH_SEARCH_PATHS = (
					"$(inherited)",
					"@executable_path/Frameworks",
					"@loader_path/Frameworks",
				);
				PRODUCT_BUNDLE_IDENTIFIER = memo.com.PreworkTests;
				PRODUCT_NAME = "$(TARGET_NAME)";
				SWIFT_VERSION = 5.0;
				TARGETED_DEVICE_FAMILY = "1,2";
				TEST_HOST = "$(BUILT_PRODUCTS_DIR)/Prework.app/Prework";
			};
			name = Release;
		};
		00AE662F258BF6E100AB421D /* Debug */ = {
			isa = XCBuildConfiguration;
			buildSettings = {
				ALWAYS_EMBED_SWIFT_STANDARD_LIBRARIES = YES;
				CODE_SIGN_STYLE = Automatic;
				INFOPLIST_FILE = PreworkUITests/Info.plist;
				LD_RUNPATH_SEARCH_PATHS = (
					"$(inherited)",
					"@executable_path/Frameworks",
					"@loader_path/Frameworks",
				);
				PRODUCT_BUNDLE_IDENTIFIER = memo.com.PreworkUITests;
				PRODUCT_NAME = "$(TARGET_NAME)";
				SWIFT_VERSION = 5.0;
				TARGETED_DEVICE_FAMILY = "1,2";
				TEST_TARGET_NAME = Prework;
			};
			name = Debug;
		};
		00AE6630258BF6E100AB421D /* Release */ = {
			isa = XCBuildConfiguration;
			buildSettings = {
				ALWAYS_EMBED_SWIFT_STANDARD_LIBRARIES = YES;
				CODE_SIGN_STYLE = Automatic;
				INFOPLIST_FILE = PreworkUITests/Info.plist;
				LD_RUNPATH_SEARCH_PATHS = (
					"$(inherited)",
					"@executable_path/Frameworks",
					"@loader_path/Frameworks",
				);
				PRODUCT_BUNDLE_IDENTIFIER = memo.com.PreworkUITests;
				PRODUCT_NAME = "$(TARGET_NAME)";
				SWIFT_VERSION = 5.0;
				TARGETED_DEVICE_FAMILY = "1,2";
				TEST_TARGET_NAME = Prework;
			};
			name = Release;
		};
/* End XCBuildConfiguration section */

/* Begin XCConfigurationList section */
		00AE65F9258BF6E000AB421D /* Build configuration list for PBXProject "Prework" */ = {
			isa = XCConfigurationList;
			buildConfigurations = (
				00AE6626258BF6E100AB421D /* Debug */,
				00AE6627258BF6E100AB421D /* Release */,
			);
			defaultConfigurationIsVisible = 0;
			defaultConfigurationName = Release;
		};
		00AE6628258BF6E100AB421D /* Build configuration list for PBXNativeTarget "Prework" */ = {
			isa = XCConfigurationList;
			buildConfigurations = (
				00AE6629258BF6E100AB421D /* Debug */,
				00AE662A258BF6E100AB421D /* Release */,
			);
			defaultConfigurationIsVisible = 0;
			defaultConfigurationName = Release;
		};
		00AE662B258BF6E100AB421D /* Build configuration list for PBXNativeTarget "PreworkTests" */ = {
			isa = XCConfigurationList;
			buildConfigurations = (
				00AE662C258BF6E100AB421D /* Debug */,
				00AE662D258BF6E100AB421D /* Release */,
			);
			defaultConfigurationIsVisible = 0;
			defaultConfigurationName = Release;
		};
		00AE662E258BF6E100AB421D /* Build configuration list for PBXNativeTarget "PreworkUITests" */ = {
			isa = XCConfigurationList;
			buildConfigurations = (
				00AE662F258BF6E100AB421D /* Debug */,
				00AE6630258BF6E100AB421D /* Release */,
			);
			defaultConfigurationIsVisible = 0;
			defaultConfigurationName = Release;
		};
/* End XCConfigurationList section */
	};
	rootObject = 00AE65F6258BF6E000AB421D /* Project object */;
}
